
Microsoft Visual Studio Solution File, Format Version 12.00
# Visual Studio Version 16
VisualStudioVersion = 16.0.28803.156
MinimumVisualStudioVersion = 10.0.40219.1
Project("{FAE04EC0-301F-11D3-BF4B-00C04F79EFBC}") = "Whid", "Whid\Whid.csproj", "{284A4355-CAA5-43CC-9B82-F2A874B40F1E}"
EndProject
Project("{FAE04EC0-301F-11D3-BF4B-00C04F79EFBC}") = "Whid.Domain", "Whid.Domain\Whid.Domain.csproj", "{D767A19D-891B-46B2-9850-645D8C9D0AC5}"
EndProject
Project("{FAE04EC0-301F-11D3-BF4B-00C04F79EFBC}") = "Whid.Domain.Test", "Whid.Domain.Test\Whid.Domain.Test.csproj", "{301AABC7-2D6A-42D2-BBC0-040387B820D7}"
EndProject
Global
	GlobalSection(SolutionConfigurationPlatforms) = preSolution
		Debug|Any CPU = Debug|Any CPU
		Release|Any CPU = Release|Any CPU
	EndGlobalSection
	GlobalSection(ProjectConfigurationPlatforms) = postSolution
		{284A4355-CAA5-43CC-9B82-F2A874B40F1E}.Debug|Any CPU.ActiveCfg = Debug|Any CPU
		{284A4355-CAA5-43CC-9B82-F2A874B40F1E}.Debug|Any CPU.Build.0 = Debug|Any CPU
		{284A4355-CAA5-43CC-9B82-F2A874B40F1E}.Release|Any CPU.ActiveCfg = Release|Any CPU
		{284A4355-CAA5-43CC-9B82-F2A874B40F1E}.Release|Any CPU.Build.0 = Release|Any CPU
		{D767A19D-891B-46B2-9850-645D8C9D0AC5}.Debug|Any CPU.ActiveCfg = Debug|Any CPU
		{D767A19D-891B-46B2-9850-645D8C9D0AC5}.Debug|Any CPU.Build.0 = Debug|Any CPU
		{D767A19D-891B-46B2-9850-645D8C9D0AC5}.Release|Any CPU.ActiveCfg = Release|Any CPU
		{D767A19D-891B-46B2-9850-645D8C9D0AC5}.Release|Any CPU.Build.0 = Release|Any CPU
		{301AABC7-2D6A-42D2-BBC0-040387B820D7}.Debug|Any CPU.ActiveCfg = Debug|Any CPU
		{301AABC7-2D6A-42D2-BBC0-040387B820D7}.Debug|Any CPU.Build.0 = Debug|Any CPU
		{301AABC7-2D6A-42D2-BBC0-040387B820D7}.Release|Any CPU.ActiveCfg = Release|Any CPU
		{301AABC7-2D6A-42D2-BBC0-040387B820D7}.Release|Any CPU.Build.0 = Release|Any CPU
	EndGlobalSection
	GlobalSection(SolutionProperties) = preSolution
		HideSolutionNode = FALSE
	EndGlobalSection
	GlobalSection(ExtensibilityGlobals) = postSolution
		SolutionGuid = {0DD6D271-53F5-4564-AE59-28EB5E1C1907}
	EndGlobalSection
EndGlobal
